
Microsoft Visual Studio Solution File, Format Version 12.00
# Visual Studio Version 17
VisualStudioVersion = 17.3.32929.385
MinimumVisualStudioVersion = 10.0.40219.1
Project("{FAE04EC0-301F-11D3-BF4B-00C04F79EFBC}") = "1 nb cache", "1 nb cache\1 nb cache.csproj", "{0E176D0B-1744-4392-BA67-A61D9AC1EEA1}"
EndProject
Global
	GlobalSection(SolutionConfigurationPlatforms) = preSolution
		Debug|Any CPU = Debug|Any CPU
		Release|Any CPU = Release|Any CPU
	EndGlobalSection
	GlobalSection(ProjectConfigurationPlatforms) = postSolution
		{0E176D0B-1744-4392-BA67-A61D9AC1EEA1}.Debug|Any CPU.ActiveCfg = Debug|Any CPU
		{0E176D0B-1744-4392-BA67-A61D9AC1EEA1}.Debug|Any CPU.Build.0 = Debug|Any CPU
		{0E176D0B-1744-4392-BA67-A61D9AC1EEA1}.Release|Any CPU.ActiveCfg = Release|Any CPU
		{0E176D0B-1744-4392-BA67-A61D9AC1EEA1}.Release|Any CPU.Build.0 = Release|Any CPU
	EndGlobalSection
	GlobalSection(SolutionProperties) = preSolution
		HideSolutionNode = FALSE
	EndGlobalSection
	GlobalSection(ExtensibilityGlobals) = postSolution
		SolutionGuid = {DFB154BB-5504-4C88-967B-46AE05FC3346}
	EndGlobalSection
EndGlobal
